// !$*UTF8*$!
{
	archiveVersion = 1;
	classes = {
	};
	objectVersion = 46;
	objects = {

/* Begin PBXBuildFile section */
		3F8EB7E917397CEB00EA053B /* UIKit.framework in Frameworks */ = {isa = PBXBuildFile; fileRef = 3F8EB7E817397CEB00EA053B /* UIKit.framework */; };
		3F8EB7EB17397CEB00EA053B /* Foundation.framework in Frameworks */ = {isa = PBXBuildFile; fileRef = 3F8EB7EA17397CEB00EA053B /* Foundation.framework */; };
		3F8EB7ED17397CEB00EA053B /* CoreGraphics.framework in Frameworks */ = {isa = PBXBuildFile; fileRef = 3F8EB7EC17397CEB00EA053B /* CoreGraphics.framework */; };
		3F8EB7F317397CEB00EA053B /* InfoPlist.strings in Resources */ = {isa = PBXBuildFile; fileRef = 3F8EB7F117397CEB00EA053B /* InfoPlist.strings */; };
		3F8EB7F517397CEB00EA053B /* main.m in Sources */ = {isa = PBXBuildFile; fileRef = 3F8EB7F417397CEB00EA053B /* main.m */; };
		3F8EB7F917397CEB00EA053B /* AppDelegate.m in Sources */ = {isa = PBXBuildFile; fileRef = 3F8EB7F817397CEB00EA053B /* AppDelegate.m */; };
		3F8EB7FB17397CEB00EA053B /* Default.png in Resources */ = {isa = PBXBuildFile; fileRef = 3F8EB7FA17397CEB00EA053B /* Default.png */; };
		3F8EB7FD17397CEB00EA053B /* Default@2x.png in Resources */ = {isa = PBXBuildFile; fileRef = 3F8EB7FC17397CEB00EA053B /* Default@2x.png */; };
		3F8EB7FF17397CEB00EA053B /* Default-568h@2x.png in Resources */ = {isa = PBXBuildFile; fileRef = 3F8EB7FE17397CEB00EA053B /* Default-568h@2x.png */; };
/* End PBXBuildFile section */

/* Begin PBXFileReference section */
		3F8EB7E517397CEB00EA053B /* projectOne.app */ = {isa = PBXFileReference; explicitFileType = wrapper.application; includeInIndex = 0; path = projectOne.app; sourceTree = BUILT_PRODUCTS_DIR; };
		3F8EB7E817397CEB00EA053B /* UIKit.framework */ = {isa = PBXFileReference; lastKnownFileType = wrapper.framework; name = UIKit.framework; path = System/Library/Frameworks/UIKit.framework; sourceTree = SDKROOT; };
		3F8EB7EA17397CEB00EA053B /* Foundation.framework */ = {isa = PBXFileReference; lastKnownFileType = wrapper.framework; name = Foundation.framework; path = System/Library/Frameworks/Foundation.framework; sourceTree = SDKROOT; };
		3F8EB7EC17397CEB00EA053B /* CoreGraphics.framework */ = {isa = PBXFileReference; lastKnownFileType = wrapper.framework; name = CoreGraphics.framework; path = System/Library/Frameworks/CoreGraphics.framework; sourceTree = SDKROOT; };
		3F8EB7F017397CEB00EA053B /* projectOne-Info.plist */ = {isa = PBXFileReference; lastKnownFileType = text.plist.xml; path = "projectOne-Info.plist"; sourceTree = "<group>"; };
		3F8EB7F217397CEB00EA053B /* en */ = {isa = PBXFileReference; lastKnownFileType = text.plist.strings; name = en; path = en.lproj/InfoPlist.strings; sourceTree = "<group>"; };
		3F8EB7F417397CEB00EA053B /* main.m */ = {isa = PBXFileReference; lastKnownFileType = sourcecode.c.objc; path = main.m; sourceTree = "<group>"; };
		3F8EB7F617397CEB00EA053B /* projectOne-Prefix.pch */ = {isa = PBXFileReference; lastKnownFileType = sourcecode.c.h; path = "projectOne-Prefix.pch"; sourceTree = "<group>"; };
		3F8EB7F717397CEB00EA053B /* AppDelegate.h */ = {isa = PBXFileReference; lastKnownFileType = sourcecode.c.h; path = AppDelegate.h; sourceTree = "<group>"; };
		3F8EB7F817397CEB00EA053B /* AppDelegate.m */ = {isa = PBXFileReference; lastKnownFileType = sourcecode.c.objc; path = AppDelegate.m; sourceTree = "<group>"; };
		3F8EB7FA17397CEB00EA053B /* Default.png */ = {isa = PBXFileReference; lastKnownFileType = image.png; path = Default.png; sourceTree = "<group>"; };
		3F8EB7FC17397CEB00EA053B /* Default@2x.png */ = {isa = PBXFileReference; lastKnownFileType = image.png; path = "Default@2x.png"; sourceTree = "<group>"; };
		3F8EB7FE17397CEB00EA053B /* Default-568h@2x.png */ = {isa = PBXFileReference; lastKnownFileType = image.png; path = "Default-568h@2x.png"; sourceTree = "<group>"; };
/* End PBXFileReference section */

/* Begin PBXFrameworksBuildPhase section */
		3F8EB7E217397CEB00EA053B /* Frameworks */ = {
			isa = PBXFrameworksBuildPhase;
			buildActionMask = 2147483647;
			files = (
				3F8EB7E917397CEB00EA053B /* UIKit.framework in Frameworks */,
				3F8EB7EB17397CEB00EA053B /* Foundation.framework in Frameworks */,
				3F8EB7ED17397CEB00EA053B /* CoreGraphics.framework in Frameworks */,
			);
			runOnlyForDeploymentPostprocessing = 0;
		};
/* End PBXFrameworksBuildPhase section */

/* Begin PBXGroup section */
		3F8EB7DC17397CEB00EA053B = {
			isa = PBXGroup;
			children = (
				3F8EB7EE17397CEB00EA053B /* projectOne */,
				3F8EB7E717397CEB00EA053B /* Frameworks */,
				3F8EB7E617397CEB00EA053B /* Products */,
			);
			sourceTree = "<group>";
		};
		3F8EB7E617397CEB00EA053B /* Products */ = {
			isa = PBXGroup;
			children = (
				3F8EB7E517397CEB00EA053B /* projectOne.app */,
			);
			name = Products;
			sourceTree = "<group>";
		};
		3F8EB7E717397CEB00EA053B /* Frameworks */ = {
			isa = PBXGroup;
			children = (
				3F8EB7E817397CEB00EA053B /* UIKit.framework */,
				3F8EB7EA17397CEB00EA053B /* Foundation.framework */,
				3F8EB7EC17397CEB00EA053B /* CoreGraphics.framework */,
			);
			name = Frameworks;
			sourceTree = "<group>";
		};
		3F8EB7EE17397CEB00EA053B /* projectOne */ = {
			isa = PBXGroup;
			children = (
				3F8EB7F717397CEB00EA053B /* AppDelegate.h */,
				3F8EB7F817397CEB00EA053B /* AppDelegate.m */,
				3F8EB7EF17397CEB00EA053B /* Supporting Files */,
			);
			path = projectOne;
			sourceTree = "<group>";
		};
		3F8EB7EF17397CEB00EA053B /* Supporting Files */ = {
			isa = PBXGroup;
			children = (
				3F8EB7F017397CEB00EA053B /* projectOne-Info.plist */,
				3F8EB7F117397CEB00EA053B /* InfoPlist.strings */,
				3F8EB7F417397CEB00EA053B /* main.m */,
				3F8EB7F617397CEB00EA053B /* projectOne-Prefix.pch */,
				3F8EB7FA17397CEB00EA053B /* Default.png */,
				3F8EB7FC17397CEB00EA053B /* Default@2x.png */,
				3F8EB7FE17397CEB00EA053B /* Default-568h@2x.png */,
			);
			name = "Supporting Files";
			sourceTree = "<group>";
		};
/* End PBXGroup section */

/* Begin PBXNativeTarget section */
		3F8EB7E417397CEB00EA053B /* projectOne */ = {
			isa = PBXNativeTarget;
			buildConfigurationList = 3F8EB80217397CEB00EA053B /* Build configuration list for PBXNativeTarget "projectOne" */;
			buildPhases = (
				3F8EB7E117397CEB00EA053B /* Sources */,
				3F8EB7E217397CEB00EA053B /* Frameworks */,
				3F8EB7E317397CEB00EA053B /* Resources */,
			);
			buildRules = (
			);
			dependencies = (
			);
			name = projectOne;
			productName = projectOne;
			productReference = 3F8EB7E517397CEB00EA053B /* projectOne.app */;
			productType = "com.apple.product-type.application";
		};
/* End PBXNativeTarget section */

/* Begin PBXProject section */
		3F8EB7DD17397CEB00EA053B /* Project object */ = {
			isa = PBXProject;
			attributes = {
				LastUpgradeCheck = 0460;
				ORGANIZATIONNAME = "Wesley Seago";
			};
			buildConfigurationList = 3F8EB7E017397CEB00EA053B /* Build configuration list for PBXProject "projectOne" */;
			compatibilityVersion = "Xcode 3.2";
			developmentRegion = English;
			hasScannedForEncodings = 0;
			knownRegions = (
				en,
			);
			mainGroup = 3F8EB7DC17397CEB00EA053B;
			productRefGroup = 3F8EB7E617397CEB00EA053B /* Products */;
			projectDirPath = "";
			projectRoot = "";
			targets = (
				3F8EB7E417397CEB00EA053B /* projectOne */,
			);
		};
/* End PBXProject section */

/* Begin PBXResourcesBuildPhase section */
		3F8EB7E317397CEB00EA053B /* Resources */ = {
			isa = PBXResourcesBuildPhase;
			buildActionMask = 2147483647;
			files = (
				3F8EB7F317397CEB00EA053B /* InfoPlist.strings in Resources */,
				3F8EB7FB17397CEB00EA053B /* Default.png in Resources */,
				3F8EB7FD17397CEB00EA053B /* Default@2x.png in Resources */,
				3F8EB7FF17397CEB00EA053B /* Default-568h@2x.png in Resources */,
			);
			runOnlyForDeploymentPostprocessing = 0;
		};
/* End PBXResourcesBuildPhase section */

/* Begin PBXSourcesBuildPhase section */
		3F8EB7E117397CEB00EA053B /* Sources */ = {
			isa = PBXSourcesBuildPhase;
			buildActionMask = 2147483647;
			files = (
				3F8EB7F517397CEB00EA053B /* main.m in Sources */,
				3F8EB7F917397CEB00EA053B /* AppDelegate.m in Sources */,
			);
			runOnlyForDeploymentPostprocessing = 0;
		};
/* End PBXSourcesBuildPhase section */

/* Begin PBXVariantGroup section */
		3F8EB7F117397CEB00EA053B /* InfoPlist.strings */ = {
			isa = PBXVariantGroup;
			children = (
				3F8EB7F217397CEB00EA053B /* en */,
			);
			name = InfoPlist.strings;
			sourceTree = "<group>";
		};
/* End PBXVariantGroup section */

/* Begin XCBuildConfiguration section */
		3F8EB80017397CEB00EA053B /* Debug */ = {
			isa = XCBuildConfiguration;
			buildSettings = {
				ALWAYS_SEARCH_USER_PATHS = NO;
				CLANG_CXX_LANGUAGE_STANDARD = "gnu++0x";
				CLANG_CXX_LIBRARY = "libc++";
				CLANG_WARN_CONSTANT_CONVERSION = YES;
				CLANG_WARN_EMPTY_BODY = YES;
				CLANG_WARN_ENUM_CONVERSION = YES;
				CLANG_WARN_INT_CONVERSION = YES;
				CLANG_WARN__DUPLICATE_METHOD_MATCH = YES;
				"CODE_SIGN_IDENTITY[sdk=iphoneos*]" = "iPhone Developer";
				COPY_PHASE_STRIP = NO;
				GCC_C_LANGUAGE_STANDARD = gnu99;
				GCC_DYNAMIC_NO_PIC = NO;
				GCC_OPTIMIZATION_LEVEL = 0;
				GCC_PREPROCESSOR_DEFINITIONS = (
					"DEBUG=1",
					"$(inherited)",
				);
				GCC_SYMBOLS_PRIVATE_EXTERN = NO;
				GCC_WARN_ABOUT_RETURN_TYPE = YES;
				GCC_WARN_UNINITIALIZED_AUTOS = YES;
				GCC_WARN_UNUSED_VARIABLE = YES;
				IPHONEOS_DEPLOYMENT_TARGET = 6.1;
				ONLY_ACTIVE_ARCH = YES;
				SDKROOT = iphoneos;
			};
			name = Debug;
		};
		3F8EB80117397CEB00EA053B /* Release */ = {
			isa = XCBuildConfiguration;
			buildSettings = {
				ALWAYS_SEARCH_USER_PATHS = NO;
				CLANG_CXX_LANGUAGE_STANDARD = "gnu++0x";
				CLANG_CXX_LIBRARY = "libc++";
				CLANG_WARN_CONSTANT_CONVERSION = YES;
				CLANG_WARN_EMPTY_BODY = YES;
				CLANG_WARN_ENUM_CONVERSION = YES;
				CLANG_WARN_INT_CONVERSION = YES;
				CLANG_WARN__DUPLICATE_METHOD_MATCH = YES;
				"CODE_SIGN_IDENTITY[sdk=iphoneos*]" = "iPhone Developer";
				COPY_PHASE_STRIP = YES;
				GCC_C_LANGUAGE_STANDARD = gnu99;
				GCC_WARN_ABOUT_RETURN_TYPE = YES;
				GCC_WARN_UNINITIALIZED_AUTOS = YES;
				GCC_WARN_UNUSED_VARIABLE = YES;
				IPHONEOS_DEPLOYMENT_TARGET = 6.1;
				OTHER_CFLAGS = "-DNS_BLOCK_ASSERTIONS=1";
				SDKROOT = iphoneos;
				VALIDATE_PRODUCT = YES;
			};
			name = Release;
		};
		3F8EB80317397CEB00EA053B /* Debug */ = {
			isa = XCBuildConfiguration;
			buildSettings = {
				GCC_PRECOMPILE_PREFIX_HEADER = YES;
				GCC_PREFIX_HEADER = "projectOne/projectOne-Prefix.pch";
				INFOPLIST_FILE = "projectOne/projectOne-Info.plist";
				PRODUCT_NAME = "$(TARGET_NAME)";
				WRAPPER_EXTENSION = app;
			};
			name = Debug;
		};
		3F8EB80417397CEB00EA053B /* Release */ = {
			isa = XCBuildConfiguration;
			buildSettings = {
				GCC_PRECOMPILE_PREFIX_HEADER = YES;
				GCC_PREFIX_HEADER = "projectOne/projectOne-Prefix.pch";
				INFOPLIST_FILE = "projectOne/projectOne-Info.plist";
				PRODUCT_NAME = "$(TARGET_NAME)";
				WRAPPER_EXTENSION = app;
			};
			name = Release;
		};
/* End XCBuildConfiguration section */

/* Begin XCConfigurationList section */
		3F8EB7E017397CEB00EA053B /* Build configuration list for PBXProject "projectOne" */ = {
			isa = XCConfigurationList;
			buildConfigurations = (
				3F8EB80017397CEB00EA053B /* Debug */,
				3F8EB80117397CEB00EA053B /* Release */,
			);
			defaultConfigurationIsVisible = 0;
			defaultConfigurationName = Release;
		};
		3F8EB80217397CEB00EA053B /* Build configuration list for PBXNativeTarget "projectOne" */ = {
			isa = XCConfigurationList;
			buildConfigurations = (
				3F8EB80317397CEB00EA053B /* Debug */,
				3F8EB80417397CEB00EA053B /* Release */,
			);
			defaultConfigurationIsVisible = 0;
		};
/* End XCConfigurationList section */
	};
	rootObject = 3F8EB7DD17397CEB00EA053B /* Project object */;
}
