// !$*UTF8*$!
{
	archiveVersion = 1;
	classes = {
	};
	objectVersion = 46;
	objects = {

/* Begin PBXBuildFile section */
		3F2B772717429142001EF850 /* UIKit.framework in Frameworks */ = {isa = PBXBuildFile; fileRef = 3F2B772617429142001EF850 /* UIKit.framework */; };
		3F2B772917429142001EF850 /* Foundation.framework in Frameworks */ = {isa = PBXBuildFile; fileRef = 3F2B772817429142001EF850 /* Foundation.framework */; };
		3F2B772B17429142001EF850 /* CoreGraphics.framework in Frameworks */ = {isa = PBXBuildFile; fileRef = 3F2B772A17429142001EF850 /* CoreGraphics.framework */; };
		3F2B773117429142001EF850 /* InfoPlist.strings in Resources */ = {isa = PBXBuildFile; fileRef = 3F2B772F17429142001EF850 /* InfoPlist.strings */; };
		3F2B773317429142001EF850 /* main.m in Sources */ = {isa = PBXBuildFile; fileRef = 3F2B773217429142001EF850 /* main.m */; };
		3F2B773717429142001EF850 /* AppDelegate.m in Sources */ = {isa = PBXBuildFile; fileRef = 3F2B773617429142001EF850 /* AppDelegate.m */; };
		3F2B773917429142001EF850 /* Default.png in Resources */ = {isa = PBXBuildFile; fileRef = 3F2B773817429142001EF850 /* Default.png */; };
		3F2B773B17429142001EF850 /* Default@2x.png in Resources */ = {isa = PBXBuildFile; fileRef = 3F2B773A17429142001EF850 /* Default@2x.png */; };
		3F2B773D17429142001EF850 /* Default-568h@2x.png in Resources */ = {isa = PBXBuildFile; fileRef = 3F2B773C17429142001EF850 /* Default-568h@2x.png */; };
/* End PBXBuildFile section */

/* Begin PBXFileReference section */
		3F2B772317429142001EF850 /* practice3.app */ = {isa = PBXFileReference; explicitFileType = wrapper.application; includeInIndex = 0; path = practice3.app; sourceTree = BUILT_PRODUCTS_DIR; };
		3F2B772617429142001EF850 /* UIKit.framework */ = {isa = PBXFileReference; lastKnownFileType = wrapper.framework; name = UIKit.framework; path = System/Library/Frameworks/UIKit.framework; sourceTree = SDKROOT; };
		3F2B772817429142001EF850 /* Foundation.framework */ = {isa = PBXFileReference; lastKnownFileType = wrapper.framework; name = Foundation.framework; path = System/Library/Frameworks/Foundation.framework; sourceTree = SDKROOT; };
		3F2B772A17429142001EF850 /* CoreGraphics.framework */ = {isa = PBXFileReference; lastKnownFileType = wrapper.framework; name = CoreGraphics.framework; path = System/Library/Frameworks/CoreGraphics.framework; sourceTree = SDKROOT; };
		3F2B772E17429142001EF850 /* practice3-Info.plist */ = {isa = PBXFileReference; lastKnownFileType = text.plist.xml; path = "practice3-Info.plist"; sourceTree = "<group>"; };
		3F2B773017429142001EF850 /* en */ = {isa = PBXFileReference; lastKnownFileType = text.plist.strings; name = en; path = en.lproj/InfoPlist.strings; sourceTree = "<group>"; };
		3F2B773217429142001EF850 /* main.m */ = {isa = PBXFileReference; lastKnownFileType = sourcecode.c.objc; path = main.m; sourceTree = "<group>"; };
		3F2B773417429142001EF850 /* practice3-Prefix.pch */ = {isa = PBXFileReference; lastKnownFileType = sourcecode.c.h; path = "practice3-Prefix.pch"; sourceTree = "<group>"; };
		3F2B773517429142001EF850 /* AppDelegate.h */ = {isa = PBXFileReference; lastKnownFileType = sourcecode.c.h; path = AppDelegate.h; sourceTree = "<group>"; };
		3F2B773617429142001EF850 /* AppDelegate.m */ = {isa = PBXFileReference; lastKnownFileType = sourcecode.c.objc; path = AppDelegate.m; sourceTree = "<group>"; };
		3F2B773817429142001EF850 /* Default.png */ = {isa = PBXFileReference; lastKnownFileType = image.png; path = Default.png; sourceTree = "<group>"; };
		3F2B773A17429142001EF850 /* Default@2x.png */ = {isa = PBXFileReference; lastKnownFileType = image.png; path = "Default@2x.png"; sourceTree = "<group>"; };
		3F2B773C17429142001EF850 /* Default-568h@2x.png */ = {isa = PBXFileReference; lastKnownFileType = image.png; path = "Default-568h@2x.png"; sourceTree = "<group>"; };
/* End PBXFileReference section */

/* Begin PBXFrameworksBuildPhase section */
		3F2B772017429142001EF850 /* Frameworks */ = {
			isa = PBXFrameworksBuildPhase;
			buildActionMask = 2147483647;
			files = (
				3F2B772717429142001EF850 /* UIKit.framework in Frameworks */,
				3F2B772917429142001EF850 /* Foundation.framework in Frameworks */,
				3F2B772B17429142001EF850 /* CoreGraphics.framework in Frameworks */,
			);
			runOnlyForDeploymentPostprocessing = 0;
		};
/* End PBXFrameworksBuildPhase section */

/* Begin PBXGroup section */
		3F2B771A17429142001EF850 = {
			isa = PBXGroup;
			children = (
				3F2B772C17429142001EF850 /* practice3 */,
				3F2B772517429142001EF850 /* Frameworks */,
				3F2B772417429142001EF850 /* Products */,
			);
			sourceTree = "<group>";
		};
		3F2B772417429142001EF850 /* Products */ = {
			isa = PBXGroup;
			children = (
				3F2B772317429142001EF850 /* practice3.app */,
			);
			name = Products;
			sourceTree = "<group>";
		};
		3F2B772517429142001EF850 /* Frameworks */ = {
			isa = PBXGroup;
			children = (
				3F2B772617429142001EF850 /* UIKit.framework */,
				3F2B772817429142001EF850 /* Foundation.framework */,
				3F2B772A17429142001EF850 /* CoreGraphics.framework */,
			);
			name = Frameworks;
			sourceTree = "<group>";
		};
		3F2B772C17429142001EF850 /* practice3 */ = {
			isa = PBXGroup;
			children = (
				3F2B773517429142001EF850 /* AppDelegate.h */,
				3F2B773617429142001EF850 /* AppDelegate.m */,
				3F2B772D17429142001EF850 /* Supporting Files */,
			);
			path = practice3;
			sourceTree = "<group>";
		};
		3F2B772D17429142001EF850 /* Supporting Files */ = {
			isa = PBXGroup;
			children = (
				3F2B772E17429142001EF850 /* practice3-Info.plist */,
				3F2B772F17429142001EF850 /* InfoPlist.strings */,
				3F2B773217429142001EF850 /* main.m */,
				3F2B773417429142001EF850 /* practice3-Prefix.pch */,
				3F2B773817429142001EF850 /* Default.png */,
				3F2B773A17429142001EF850 /* Default@2x.png */,
				3F2B773C17429142001EF850 /* Default-568h@2x.png */,
			);
			name = "Supporting Files";
			sourceTree = "<group>";
		};
/* End PBXGroup section */

/* Begin PBXNativeTarget section */
		3F2B772217429142001EF850 /* practice3 */ = {
			isa = PBXNativeTarget;
			buildConfigurationList = 3F2B774017429142001EF850 /* Build configuration list for PBXNativeTarget "practice3" */;
			buildPhases = (
				3F2B771F17429142001EF850 /* Sources */,
				3F2B772017429142001EF850 /* Frameworks */,
				3F2B772117429142001EF850 /* Resources */,
			);
			buildRules = (
			);
			dependencies = (
			);
			name = practice3;
			productName = practice3;
			productReference = 3F2B772317429142001EF850 /* practice3.app */;
			productType = "com.apple.product-type.application";
		};
/* End PBXNativeTarget section */

/* Begin PBXProject section */
		3F2B771B17429142001EF850 /* Project object */ = {
			isa = PBXProject;
			attributes = {
				LastUpgradeCheck = 0460;
				ORGANIZATIONNAME = "Wesley Seago";
			};
			buildConfigurationList = 3F2B771E17429142001EF850 /* Build configuration list for PBXProject "practice3" */;
			compatibilityVersion = "Xcode 3.2";
			developmentRegion = English;
			hasScannedForEncodings = 0;
			knownRegions = (
				en,
			);
			mainGroup = 3F2B771A17429142001EF850;
			productRefGroup = 3F2B772417429142001EF850 /* Products */;
			projectDirPath = "";
			projectRoot = "";
			targets = (
				3F2B772217429142001EF850 /* practice3 */,
			);
		};
/* End PBXProject section */

/* Begin PBXResourcesBuildPhase section */
		3F2B772117429142001EF850 /* Resources */ = {
			isa = PBXResourcesBuildPhase;
			buildActionMask = 2147483647;
			files = (
				3F2B773117429142001EF850 /* InfoPlist.strings in Resources */,
				3F2B773917429142001EF850 /* Default.png in Resources */,
				3F2B773B17429142001EF850 /* Default@2x.png in Resources */,
				3F2B773D17429142001EF850 /* Default-568h@2x.png in Resources */,
			);
			runOnlyForDeploymentPostprocessing = 0;
		};
/* End PBXResourcesBuildPhase section */

/* Begin PBXSourcesBuildPhase section */
		3F2B771F17429142001EF850 /* Sources */ = {
			isa = PBXSourcesBuildPhase;
			buildActionMask = 2147483647;
			files = (
				3F2B773317429142001EF850 /* main.m in Sources */,
				3F2B773717429142001EF850 /* AppDelegate.m in Sources */,
			);
			runOnlyForDeploymentPostprocessing = 0;
		};
/* End PBXSourcesBuildPhase section */

/* Begin PBXVariantGroup section */
		3F2B772F17429142001EF850 /* InfoPlist.strings */ = {
			isa = PBXVariantGroup;
			children = (
				3F2B773017429142001EF850 /* en */,
			);
			name = InfoPlist.strings;
			sourceTree = "<group>";
		};
/* End PBXVariantGroup section */

/* Begin XCBuildConfiguration section */
		3F2B773E17429142001EF850 /* Debug */ = {
			isa = XCBuildConfiguration;
			buildSettings = {
				ALWAYS_SEARCH_USER_PATHS = NO;
				CLANG_CXX_LANGUAGE_STANDARD = "gnu++0x";
				CLANG_CXX_LIBRARY = "libc++";
				CLANG_WARN_CONSTANT_CONVERSION = YES;
				CLANG_WARN_EMPTY_BODY = YES;
				CLANG_WARN_ENUM_CONVERSION = YES;
				CLANG_WARN_INT_CONVERSION = YES;
				CLANG_WARN__DUPLICATE_METHOD_MATCH = YES;
				"CODE_SIGN_IDENTITY[sdk=iphoneos*]" = "iPhone Developer";
				COPY_PHASE_STRIP = NO;
				GCC_C_LANGUAGE_STANDARD = gnu99;
				GCC_DYNAMIC_NO_PIC = NO;
				GCC_OPTIMIZATION_LEVEL = 0;
				GCC_PREPROCESSOR_DEFINITIONS = (
					"DEBUG=1",
					"$(inherited)",
				);
				GCC_SYMBOLS_PRIVATE_EXTERN = NO;
				GCC_WARN_ABOUT_RETURN_TYPE = YES;
				GCC_WARN_UNINITIALIZED_AUTOS = YES;
				GCC_WARN_UNUSED_VARIABLE = YES;
				IPHONEOS_DEPLOYMENT_TARGET = 6.1;
				ONLY_ACTIVE_ARCH = YES;
				SDKROOT = iphoneos;
			};
			name = Debug;
		};
		3F2B773F17429142001EF850 /* Release */ = {
			isa = XCBuildConfiguration;
			buildSettings = {
				ALWAYS_SEARCH_USER_PATHS = NO;
				CLANG_CXX_LANGUAGE_STANDARD = "gnu++0x";
				CLANG_CXX_LIBRARY = "libc++";
				CLANG_WARN_CONSTANT_CONVERSION = YES;
				CLANG_WARN_EMPTY_BODY = YES;
				CLANG_WARN_ENUM_CONVERSION = YES;
				CLANG_WARN_INT_CONVERSION = YES;
				CLANG_WARN__DUPLICATE_METHOD_MATCH = YES;
				"CODE_SIGN_IDENTITY[sdk=iphoneos*]" = "iPhone Developer";
				COPY_PHASE_STRIP = YES;
				GCC_C_LANGUAGE_STANDARD = gnu99;
				GCC_WARN_ABOUT_RETURN_TYPE = YES;
				GCC_WARN_UNINITIALIZED_AUTOS = YES;
				GCC_WARN_UNUSED_VARIABLE = YES;
				IPHONEOS_DEPLOYMENT_TARGET = 6.1;
				OTHER_CFLAGS = "-DNS_BLOCK_ASSERTIONS=1";
				SDKROOT = iphoneos;
				VALIDATE_PRODUCT = YES;
			};
			name = Release;
		};
		3F2B774117429142001EF850 /* Debug */ = {
			isa = XCBuildConfiguration;
			buildSettings = {
				GCC_PRECOMPILE_PREFIX_HEADER = YES;
				GCC_PREFIX_HEADER = "practice3/practice3-Prefix.pch";
				INFOPLIST_FILE = "practice3/practice3-Info.plist";
				PRODUCT_NAME = "$(TARGET_NAME)";
				WRAPPER_EXTENSION = app;
			};
			name = Debug;
		};
		3F2B774217429142001EF850 /* Release */ = {
			isa = XCBuildConfiguration;
			buildSettings = {
				GCC_PRECOMPILE_PREFIX_HEADER = YES;
				GCC_PREFIX_HEADER = "practice3/practice3-Prefix.pch";
				INFOPLIST_FILE = "practice3/practice3-Info.plist";
				PRODUCT_NAME = "$(TARGET_NAME)";
				WRAPPER_EXTENSION = app;
			};
			name = Release;
		};
/* End XCBuildConfiguration section */

/* Begin XCConfigurationList section */
		3F2B771E17429142001EF850 /* Build configuration list for PBXProject "practice3" */ = {
			isa = XCConfigurationList;
			buildConfigurations = (
				3F2B773E17429142001EF850 /* Debug */,
				3F2B773F17429142001EF850 /* Release */,
			);
			defaultConfigurationIsVisible = 0;
			defaultConfigurationName = Release;
		};
		3F2B774017429142001EF850 /* Build configuration list for PBXNativeTarget "practice3" */ = {
			isa = XCConfigurationList;
			buildConfigurations = (
				3F2B774117429142001EF850 /* Debug */,
				3F2B774217429142001EF850 /* Release */,
			);
			defaultConfigurationIsVisible = 0;
		};
/* End XCConfigurationList section */
	};
	rootObject = 3F2B771B17429142001EF850 /* Project object */;
}
